
Microsoft Visual Studio Solution File, Format Version 12.00
# Visual Studio Version 17
VisualStudioVersion = 17.9.34728.123
MinimumVisualStudioVersion = 10.0.40219.1
Project("{FAE04EC0-301F-11D3-BF4B-00C04F79EFBC}") = "DogRest", "DogRest\DogRest.csproj", "{027F9AD8-F7BB-4063-A6C1-C5489AEA9C8E}"
EndProject
Global
	GlobalSection(SolutionConfigurationPlatforms) = preSolution
		Debug|Any CPU = Debug|Any CPU
		Release|Any CPU = Release|Any CPU
	EndGlobalSection
	GlobalSection(ProjectConfigurationPlatforms) = postSolution
		{027F9AD8-F7BB-4063-A6C1-C5489AEA9C8E}.Debug|Any CPU.ActiveCfg = Debug|Any CPU
		{027F9AD8-F7BB-4063-A6C1-C5489AEA9C8E}.Debug|Any CPU.Build.0 = Debug|Any CPU
		{027F9AD8-F7BB-4063-A6C1-C5489AEA9C8E}.Release|Any CPU.ActiveCfg = Release|Any CPU
		{027F9AD8-F7BB-4063-A6C1-C5489AEA9C8E}.Release|Any CPU.Build.0 = Release|Any CPU
	EndGlobalSection
	GlobalSection(SolutionProperties) = preSolution
		HideSolutionNode = FALSE
	EndGlobalSection
	GlobalSection(ExtensibilityGlobals) = postSolution
		SolutionGuid = {6656702E-AB08-4E1C-9B2C-092DD6F84EBD}
	EndGlobalSection
EndGlobal
